
Microsoft Visual Studio Solution File, Format Version 12.00
# Visual Studio Version 17
VisualStudioVersion = 17.11.35222.181
MinimumVisualStudioVersion = 10.0.40219.1
Project("{9A19103F-16F7-4668-BE54-9A1E7A4F7556}") = "Connect112", "Connect112\Connect112.csproj", "{388F6981-8BDC-4B01-A06C-44A38CC33F31}"
	ProjectSection(ProjectDependencies) = postProject
		{FA9FF5C8-AF39-48AC-913A-9B288B1F1A09} = {FA9FF5C8-AF39-48AC-913A-9B288B1F1A09}
	EndProjectSection
EndProject
Project("{9A19103F-16F7-4668-BE54-9A1E7A4F7556}") = "LogManager", "LogManager\LogManager.csproj", "{FA9FF5C8-AF39-48AC-913A-9B288B1F1A09}"
EndProject
Project("{840C416C-B8F3-42BC-B0DD-F6BB14C9F8CB}") = "Setup", "Setup\Setup.aiproj", "{5C78E873-F78A-46FC-91D5-CBDAE0AD38E7}"
	ProjectSection(ProjectDependencies) = postProject
		{388F6981-8BDC-4B01-A06C-44A38CC33F31} = {388F6981-8BDC-4B01-A06C-44A38CC33F31}
		{FA9FF5C8-AF39-48AC-913A-9B288B1F1A09} = {FA9FF5C8-AF39-48AC-913A-9B288B1F1A09}
	EndProjectSection
EndProject
Global
	GlobalSection(SolutionConfigurationPlatforms) = preSolution
		Debug|Any CPU = Debug|Any CPU
		DefaultBuild|Any CPU = DefaultBuild|Any CPU
		Release|Any CPU = Release|Any CPU
	EndGlobalSection
	GlobalSection(ProjectConfigurationPlatforms) = postSolution
		{388F6981-8BDC-4B01-A06C-44A38CC33F31}.Debug|Any CPU.ActiveCfg = Debug|Any CPU
		{388F6981-8BDC-4B01-A06C-44A38CC33F31}.Debug|Any CPU.Build.0 = Debug|Any CPU
		{388F6981-8BDC-4B01-A06C-44A38CC33F31}.DefaultBuild|Any CPU.ActiveCfg = Debug|Any CPU
		{388F6981-8BDC-4B01-A06C-44A38CC33F31}.DefaultBuild|Any CPU.Build.0 = Debug|Any CPU
		{388F6981-8BDC-4B01-A06C-44A38CC33F31}.Release|Any CPU.ActiveCfg = Release|Any CPU
		{388F6981-8BDC-4B01-A06C-44A38CC33F31}.Release|Any CPU.Build.0 = Release|Any CPU
		{FA9FF5C8-AF39-48AC-913A-9B288B1F1A09}.Debug|Any CPU.ActiveCfg = Debug|Any CPU
		{FA9FF5C8-AF39-48AC-913A-9B288B1F1A09}.Debug|Any CPU.Build.0 = Debug|Any CPU
		{FA9FF5C8-AF39-48AC-913A-9B288B1F1A09}.DefaultBuild|Any CPU.ActiveCfg = Debug|Any CPU
		{FA9FF5C8-AF39-48AC-913A-9B288B1F1A09}.DefaultBuild|Any CPU.Build.0 = Debug|Any CPU
		{FA9FF5C8-AF39-48AC-913A-9B288B1F1A09}.Release|Any CPU.ActiveCfg = Release|Any CPU
		{FA9FF5C8-AF39-48AC-913A-9B288B1F1A09}.Release|Any CPU.Build.0 = Release|Any CPU
		{5C78E873-F78A-46FC-91D5-CBDAE0AD38E7}.Debug|Any CPU.ActiveCfg = AnyCPU_Release_1
		{5C78E873-F78A-46FC-91D5-CBDAE0AD38E7}.DefaultBuild|Any CPU.ActiveCfg = AnyCPU_Release_1
		{5C78E873-F78A-46FC-91D5-CBDAE0AD38E7}.Release|Any CPU.ActiveCfg = AnyCPU_Release_1
	EndGlobalSection
	GlobalSection(SolutionProperties) = preSolution
		HideSolutionNode = FALSE
	EndGlobalSection
	GlobalSection(ExtensibilityGlobals) = postSolution
		SolutionGuid = {6456BA3C-DD46-4FF0-BEB3-8652DE079DF1}
	EndGlobalSection
EndGlobal
